
Microsoft Visual Studio Solution File, Format Version 12.00
# Visual Studio Version 17
VisualStudioVersion = 17.3.32819.101
MinimumVisualStudioVersion = 10.0.40219.1
Project("{FAE04EC0-301F-11D3-BF4B-00C04F79EFBC}") = "Ejercicio7", "Ejercicio7\Ejercicio7.csproj", "{41FF4EE6-DC9D-4D4E-9D22-DA8AF5D3ACBA}"
EndProject
Project("{FAE04EC0-301F-11D3-BF4B-00C04F79EFBC}") = "TestEjercicio7", "TestEjercicio7\TestEjercicio7.csproj", "{C706B907-34C6-4B02-B1EA-05D01D6E2C4A}"
EndProject
Global
	GlobalSection(SolutionConfigurationPlatforms) = preSolution
		Debug|Any CPU = Debug|Any CPU
		Release|Any CPU = Release|Any CPU
	EndGlobalSection
	GlobalSection(ProjectConfigurationPlatforms) = postSolution
		{41FF4EE6-DC9D-4D4E-9D22-DA8AF5D3ACBA}.Debug|Any CPU.ActiveCfg = Debug|Any CPU
		{41FF4EE6-DC9D-4D4E-9D22-DA8AF5D3ACBA}.Debug|Any CPU.Build.0 = Debug|Any CPU
		{41FF4EE6-DC9D-4D4E-9D22-DA8AF5D3ACBA}.Release|Any CPU.ActiveCfg = Release|Any CPU
		{41FF4EE6-DC9D-4D4E-9D22-DA8AF5D3ACBA}.Release|Any CPU.Build.0 = Release|Any CPU
		{C706B907-34C6-4B02-B1EA-05D01D6E2C4A}.Debug|Any CPU.ActiveCfg = Debug|Any CPU
		{C706B907-34C6-4B02-B1EA-05D01D6E2C4A}.Debug|Any CPU.Build.0 = Debug|Any CPU
		{C706B907-34C6-4B02-B1EA-05D01D6E2C4A}.Release|Any CPU.ActiveCfg = Release|Any CPU
		{C706B907-34C6-4B02-B1EA-05D01D6E2C4A}.Release|Any CPU.Build.0 = Release|Any CPU
	EndGlobalSection
	GlobalSection(SolutionProperties) = preSolution
		HideSolutionNode = FALSE
	EndGlobalSection
	GlobalSection(ExtensibilityGlobals) = postSolution
		SolutionGuid = {899E4D2A-FC40-4833-9B5D-C83AB9CD3AB4}
	EndGlobalSection
EndGlobal
