
Microsoft Visual Studio Solution File, Format Version 12.00
# Visual Studio Version 17
VisualStudioVersion = 17.3.32825.248
MinimumVisualStudioVersion = 10.0.40219.1
Project("{9A19103F-16F7-4668-BE54-9A1E7A4F7556}") = "Conversiones", "ProgramacionAvanzadaII\Conversiones.csproj", "{89077871-CAE9-4159-B5A2-C3419C06DC16}"
EndProject
Project("{9A19103F-16F7-4668-BE54-9A1E7A4F7556}") = "Enumeraciones", "Enumeraciones\Enumeraciones.csproj", "{5CFED186-E97D-418C-87E8-11A1A0C127F9}"
EndProject
Project("{9A19103F-16F7-4668-BE54-9A1E7A4F7556}") = "Generalidades", "Generalidades\Generalidades.csproj", "{5060AF29-0FB1-462B-B907-66D021D38F72}"
EndProject
Project("{9A19103F-16F7-4668-BE54-9A1E7A4F7556}") = "ConversionesTest", "ConversionesTest\ConversionesTest.csproj", "{FE4F7D20-F8EB-4701-91C9-90605753DD23}"
EndProject
Project("{FAE04EC0-301F-11D3-BF4B-00C04F79EFBC}") = "EnumeracionesTestt", "EnumeracionesTestt\EnumeracionesTestt.csproj", "{283D5BAD-226A-4C92-85BE-80E8DC898B5A}"
EndProject
Global
	GlobalSection(SolutionConfigurationPlatforms) = preSolution
		Debug|Any CPU = Debug|Any CPU
		Release|Any CPU = Release|Any CPU
	EndGlobalSection
	GlobalSection(ProjectConfigurationPlatforms) = postSolution
		{89077871-CAE9-4159-B5A2-C3419C06DC16}.Debug|Any CPU.ActiveCfg = Debug|Any CPU
		{89077871-CAE9-4159-B5A2-C3419C06DC16}.Debug|Any CPU.Build.0 = Debug|Any CPU
		{89077871-CAE9-4159-B5A2-C3419C06DC16}.Release|Any CPU.ActiveCfg = Release|Any CPU
		{89077871-CAE9-4159-B5A2-C3419C06DC16}.Release|Any CPU.Build.0 = Release|Any CPU
		{5CFED186-E97D-418C-87E8-11A1A0C127F9}.Debug|Any CPU.ActiveCfg = Debug|Any CPU
		{5CFED186-E97D-418C-87E8-11A1A0C127F9}.Debug|Any CPU.Build.0 = Debug|Any CPU
		{5CFED186-E97D-418C-87E8-11A1A0C127F9}.Release|Any CPU.ActiveCfg = Release|Any CPU
		{5CFED186-E97D-418C-87E8-11A1A0C127F9}.Release|Any CPU.Build.0 = Release|Any CPU
		{5060AF29-0FB1-462B-B907-66D021D38F72}.Debug|Any CPU.ActiveCfg = Debug|Any CPU
		{5060AF29-0FB1-462B-B907-66D021D38F72}.Debug|Any CPU.Build.0 = Debug|Any CPU
		{5060AF29-0FB1-462B-B907-66D021D38F72}.Release|Any CPU.ActiveCfg = Release|Any CPU
		{5060AF29-0FB1-462B-B907-66D021D38F72}.Release|Any CPU.Build.0 = Release|Any CPU
		{FE4F7D20-F8EB-4701-91C9-90605753DD23}.Debug|Any CPU.ActiveCfg = Debug|Any CPU
		{FE4F7D20-F8EB-4701-91C9-90605753DD23}.Debug|Any CPU.Build.0 = Debug|Any CPU
		{FE4F7D20-F8EB-4701-91C9-90605753DD23}.Release|Any CPU.ActiveCfg = Release|Any CPU
		{FE4F7D20-F8EB-4701-91C9-90605753DD23}.Release|Any CPU.Build.0 = Release|Any CPU
		{283D5BAD-226A-4C92-85BE-80E8DC898B5A}.Debug|Any CPU.ActiveCfg = Debug|Any CPU
		{283D5BAD-226A-4C92-85BE-80E8DC898B5A}.Debug|Any CPU.Build.0 = Debug|Any CPU
		{283D5BAD-226A-4C92-85BE-80E8DC898B5A}.Release|Any CPU.ActiveCfg = Release|Any CPU
		{283D5BAD-226A-4C92-85BE-80E8DC898B5A}.Release|Any CPU.Build.0 = Release|Any CPU
	EndGlobalSection
	GlobalSection(SolutionProperties) = preSolution
		HideSolutionNode = FALSE
	EndGlobalSection
	GlobalSection(ExtensibilityGlobals) = postSolution
		SolutionGuid = {E190C21C-15CA-4ECF-9139-A39E5866D257}
	EndGlobalSection
EndGlobal
