
Microsoft Visual Studio Solution File, Format Version 12.00
# Visual Studio Version 17
VisualStudioVersion = 17.3.32819.101
MinimumVisualStudioVersion = 10.0.40219.1
Project("{FAE04EC0-301F-11D3-BF4B-00C04F79EFBC}") = "GeneralidadesEjercicio1", "Ejercicio1\GeneralidadesEjercicio1.csproj", "{B604601E-A4BD-4FD9-9316-4C7B132B0DE8}"
EndProject
Project("{2150E333-8FDC-42A3-9474-1A3956D46DE8}") = "Generalidades", "Generalidades", "{262F744B-BA8E-4808-8509-EE53C4CDB3F5}"
EndProject
Project("{2150E333-8FDC-42A3-9474-1A3956D46DE8}") = "Enumeraciones", "Enumeraciones", "{A6CEE4AD-3C36-4E5B-B03C-09C87E0C2C02}"
EndProject
Project("{FAE04EC0-301F-11D3-BF4B-00C04F79EFBC}") = "GeneralidadesEjercicio2", "Ejercicio2\GeneralidadesEjercicio2.csproj", "{0A1E000D-6C89-4B55-AFEC-5A1D8DA5A63F}"
EndProject
Project("{FAE04EC0-301F-11D3-BF4B-00C04F79EFBC}") = "GeneralidadesEjercicio3", "Ejercicio3\GeneralidadesEjercicio3.csproj", "{3306AD3C-1619-42FE-B51F-456132A44389}"
EndProject
Project("{FAE04EC0-301F-11D3-BF4B-00C04F79EFBC}") = "GeneralidadesEjercicio4", "Ejercicio4\GeneralidadesEjercicio4.csproj", "{13C32E74-5C7C-49BA-AFCD-4B7CD888E555}"
EndProject
Project("{FAE04EC0-301F-11D3-BF4B-00C04F79EFBC}") = "GeneralidadesEjercicio5", "Ejercicio5\GeneralidadesEjercicio5.csproj", "{73FD0662-6D7E-4E71-9E9B-1A61FB25DC62}"
EndProject
Project("{FAE04EC0-301F-11D3-BF4B-00C04F79EFBC}") = "EnumEjercicio1y2", "EnumEjercicio1\EnumEjercicio1y2.csproj", "{42A2E76E-19FA-4A0F-812C-790F188EA6EE}"
EndProject
Project("{2150E333-8FDC-42A3-9474-1A3956D46DE8}") = "Conversiones", "Conversiones", "{4C3A196F-DF62-4663-A22B-F3F72F615FF7}"
EndProject
Project("{FAE04EC0-301F-11D3-BF4B-00C04F79EFBC}") = "ConverEjercicio3", "ConverEjercicio1\ConverEjercicio3.csproj", "{112A7BFD-E47D-426C-8DBE-53AEA9B6A523}"
EndProject
Project("{FAE04EC0-301F-11D3-BF4B-00C04F79EFBC}") = "ConverEjercicio4", "ConverEjercicio4\ConverEjercicio4.csproj", "{E33A1E3D-514D-4D7E-9871-F49E04190662}"
EndProject
Project("{FAE04EC0-301F-11D3-BF4B-00C04F79EFBC}") = "ConverEjercicio5", "ConverEjercicio5\ConverEjercicio5.csproj", "{9FA2B52B-FEBA-4DFB-943C-BAF9A5550CB5}"
EndProject
Project("{FAE04EC0-301F-11D3-BF4B-00C04F79EFBC}") = "ConverEjercicio7", "ConverEjercicio7\ConverEjercicio7.csproj", "{7B691D26-496B-4961-8C2E-E1A89BA17E3A}"
EndProject
Project("{FAE04EC0-301F-11D3-BF4B-00C04F79EFBC}") = "TestGeneralidades", "TestGeneralidades\TestGeneralidades.csproj", "{37042336-2AF1-4490-AC85-A8AEE1217311}"
	ProjectSection(ProjectDependencies) = postProject
		{0A1E000D-6C89-4B55-AFEC-5A1D8DA5A63F} = {0A1E000D-6C89-4B55-AFEC-5A1D8DA5A63F}
		{13C32E74-5C7C-49BA-AFCD-4B7CD888E555} = {13C32E74-5C7C-49BA-AFCD-4B7CD888E555}
		{3306AD3C-1619-42FE-B51F-456132A44389} = {3306AD3C-1619-42FE-B51F-456132A44389}
		{73FD0662-6D7E-4E71-9E9B-1A61FB25DC62} = {73FD0662-6D7E-4E71-9E9B-1A61FB25DC62}
		{B604601E-A4BD-4FD9-9316-4C7B132B0DE8} = {B604601E-A4BD-4FD9-9316-4C7B132B0DE8}
	EndProjectSection
EndProject
Project("{FAE04EC0-301F-11D3-BF4B-00C04F79EFBC}") = "TestConversiones", "TestConversiones\TestConversiones.csproj", "{8BD4E451-09C0-4FD3-A6F3-4C9AC5591B21}"
EndProject
Global
	GlobalSection(SolutionConfigurationPlatforms) = preSolution
		Debug|Any CPU = Debug|Any CPU
		Release|Any CPU = Release|Any CPU
	EndGlobalSection
	GlobalSection(ProjectConfigurationPlatforms) = postSolution
		{B604601E-A4BD-4FD9-9316-4C7B132B0DE8}.Debug|Any CPU.ActiveCfg = Debug|Any CPU
		{B604601E-A4BD-4FD9-9316-4C7B132B0DE8}.Debug|Any CPU.Build.0 = Debug|Any CPU
		{B604601E-A4BD-4FD9-9316-4C7B132B0DE8}.Release|Any CPU.ActiveCfg = Release|Any CPU
		{B604601E-A4BD-4FD9-9316-4C7B132B0DE8}.Release|Any CPU.Build.0 = Release|Any CPU
		{0A1E000D-6C89-4B55-AFEC-5A1D8DA5A63F}.Debug|Any CPU.ActiveCfg = Debug|Any CPU
		{0A1E000D-6C89-4B55-AFEC-5A1D8DA5A63F}.Debug|Any CPU.Build.0 = Debug|Any CPU
		{0A1E000D-6C89-4B55-AFEC-5A1D8DA5A63F}.Release|Any CPU.ActiveCfg = Release|Any CPU
		{0A1E000D-6C89-4B55-AFEC-5A1D8DA5A63F}.Release|Any CPU.Build.0 = Release|Any CPU
		{3306AD3C-1619-42FE-B51F-456132A44389}.Debug|Any CPU.ActiveCfg = Debug|Any CPU
		{3306AD3C-1619-42FE-B51F-456132A44389}.Debug|Any CPU.Build.0 = Debug|Any CPU
		{3306AD3C-1619-42FE-B51F-456132A44389}.Release|Any CPU.ActiveCfg = Release|Any CPU
		{3306AD3C-1619-42FE-B51F-456132A44389}.Release|Any CPU.Build.0 = Release|Any CPU
		{13C32E74-5C7C-49BA-AFCD-4B7CD888E555}.Debug|Any CPU.ActiveCfg = Debug|Any CPU
		{13C32E74-5C7C-49BA-AFCD-4B7CD888E555}.Debug|Any CPU.Build.0 = Debug|Any CPU
		{13C32E74-5C7C-49BA-AFCD-4B7CD888E555}.Release|Any CPU.ActiveCfg = Release|Any CPU
		{13C32E74-5C7C-49BA-AFCD-4B7CD888E555}.Release|Any CPU.Build.0 = Release|Any CPU
		{73FD0662-6D7E-4E71-9E9B-1A61FB25DC62}.Debug|Any CPU.ActiveCfg = Debug|Any CPU
		{73FD0662-6D7E-4E71-9E9B-1A61FB25DC62}.Debug|Any CPU.Build.0 = Debug|Any CPU
		{73FD0662-6D7E-4E71-9E9B-1A61FB25DC62}.Release|Any CPU.ActiveCfg = Release|Any CPU
		{73FD0662-6D7E-4E71-9E9B-1A61FB25DC62}.Release|Any CPU.Build.0 = Release|Any CPU
		{42A2E76E-19FA-4A0F-812C-790F188EA6EE}.Debug|Any CPU.ActiveCfg = Debug|Any CPU
		{42A2E76E-19FA-4A0F-812C-790F188EA6EE}.Debug|Any CPU.Build.0 = Debug|Any CPU
		{42A2E76E-19FA-4A0F-812C-790F188EA6EE}.Release|Any CPU.ActiveCfg = Release|Any CPU
		{42A2E76E-19FA-4A0F-812C-790F188EA6EE}.Release|Any CPU.Build.0 = Release|Any CPU
		{112A7BFD-E47D-426C-8DBE-53AEA9B6A523}.Debug|Any CPU.ActiveCfg = Debug|Any CPU
		{112A7BFD-E47D-426C-8DBE-53AEA9B6A523}.Debug|Any CPU.Build.0 = Debug|Any CPU
		{112A7BFD-E47D-426C-8DBE-53AEA9B6A523}.Release|Any CPU.ActiveCfg = Release|Any CPU
		{112A7BFD-E47D-426C-8DBE-53AEA9B6A523}.Release|Any CPU.Build.0 = Release|Any CPU
		{E33A1E3D-514D-4D7E-9871-F49E04190662}.Debug|Any CPU.ActiveCfg = Debug|Any CPU
		{E33A1E3D-514D-4D7E-9871-F49E04190662}.Debug|Any CPU.Build.0 = Debug|Any CPU
		{E33A1E3D-514D-4D7E-9871-F49E04190662}.Release|Any CPU.ActiveCfg = Release|Any CPU
		{E33A1E3D-514D-4D7E-9871-F49E04190662}.Release|Any CPU.Build.0 = Release|Any CPU
		{9FA2B52B-FEBA-4DFB-943C-BAF9A5550CB5}.Debug|Any CPU.ActiveCfg = Debug|Any CPU
		{9FA2B52B-FEBA-4DFB-943C-BAF9A5550CB5}.Debug|Any CPU.Build.0 = Debug|Any CPU
		{9FA2B52B-FEBA-4DFB-943C-BAF9A5550CB5}.Release|Any CPU.ActiveCfg = Release|Any CPU
		{9FA2B52B-FEBA-4DFB-943C-BAF9A5550CB5}.Release|Any CPU.Build.0 = Release|Any CPU
		{7B691D26-496B-4961-8C2E-E1A89BA17E3A}.Debug|Any CPU.ActiveCfg = Debug|Any CPU
		{7B691D26-496B-4961-8C2E-E1A89BA17E3A}.Debug|Any CPU.Build.0 = Debug|Any CPU
		{7B691D26-496B-4961-8C2E-E1A89BA17E3A}.Release|Any CPU.ActiveCfg = Release|Any CPU
		{7B691D26-496B-4961-8C2E-E1A89BA17E3A}.Release|Any CPU.Build.0 = Release|Any CPU
		{37042336-2AF1-4490-AC85-A8AEE1217311}.Debug|Any CPU.ActiveCfg = Debug|Any CPU
		{37042336-2AF1-4490-AC85-A8AEE1217311}.Debug|Any CPU.Build.0 = Debug|Any CPU
		{37042336-2AF1-4490-AC85-A8AEE1217311}.Release|Any CPU.ActiveCfg = Release|Any CPU
		{37042336-2AF1-4490-AC85-A8AEE1217311}.Release|Any CPU.Build.0 = Release|Any CPU
		{8BD4E451-09C0-4FD3-A6F3-4C9AC5591B21}.Debug|Any CPU.ActiveCfg = Debug|Any CPU
		{8BD4E451-09C0-4FD3-A6F3-4C9AC5591B21}.Debug|Any CPU.Build.0 = Debug|Any CPU
		{8BD4E451-09C0-4FD3-A6F3-4C9AC5591B21}.Release|Any CPU.ActiveCfg = Release|Any CPU
		{8BD4E451-09C0-4FD3-A6F3-4C9AC5591B21}.Release|Any CPU.Build.0 = Release|Any CPU
	EndGlobalSection
	GlobalSection(SolutionProperties) = preSolution
		HideSolutionNode = FALSE
	EndGlobalSection
	GlobalSection(NestedProjects) = preSolution
		{B604601E-A4BD-4FD9-9316-4C7B132B0DE8} = {262F744B-BA8E-4808-8509-EE53C4CDB3F5}
		{0A1E000D-6C89-4B55-AFEC-5A1D8DA5A63F} = {262F744B-BA8E-4808-8509-EE53C4CDB3F5}
		{3306AD3C-1619-42FE-B51F-456132A44389} = {262F744B-BA8E-4808-8509-EE53C4CDB3F5}
		{13C32E74-5C7C-49BA-AFCD-4B7CD888E555} = {262F744B-BA8E-4808-8509-EE53C4CDB3F5}
		{73FD0662-6D7E-4E71-9E9B-1A61FB25DC62} = {262F744B-BA8E-4808-8509-EE53C4CDB3F5}
		{42A2E76E-19FA-4A0F-812C-790F188EA6EE} = {A6CEE4AD-3C36-4E5B-B03C-09C87E0C2C02}
		{112A7BFD-E47D-426C-8DBE-53AEA9B6A523} = {4C3A196F-DF62-4663-A22B-F3F72F615FF7}
		{E33A1E3D-514D-4D7E-9871-F49E04190662} = {4C3A196F-DF62-4663-A22B-F3F72F615FF7}
		{9FA2B52B-FEBA-4DFB-943C-BAF9A5550CB5} = {4C3A196F-DF62-4663-A22B-F3F72F615FF7}
		{7B691D26-496B-4961-8C2E-E1A89BA17E3A} = {4C3A196F-DF62-4663-A22B-F3F72F615FF7}
	EndGlobalSection
	GlobalSection(ExtensibilityGlobals) = postSolution
		SolutionGuid = {1001F02F-2E5B-4F76-BF19-4C41E0CD445C}
	EndGlobalSection
EndGlobal
